// !$*UTF8*$!
{
	archiveVersion = 1;
	classes = {
	};
	objectVersion = 48;
	objects = {

/* Begin PBXBuildFile section */
		ABB72C5B94A6CE0D75B50489 /* Pods_Woong_iOS.framework in Frameworks */ = {isa = PBXBuildFile; fileRef = 4A0B83A3DD108BE33175A7EF /* Pods_Woong_iOS.framework */; };
		B33DC32420F5C28E00EE1C6E /* AllergyButton.swift in Sources */ = {isa = PBXBuildFile; fileRef = B33DC32320F5C28E00EE1C6E /* AllergyButton.swift */; };
		B33DC32820F6363E00EE1C6E /* HTTPStatusCode.swift in Sources */ = {isa = PBXBuildFile; fileRef = B33DC32720F6363E00EE1C6E /* HTTPStatusCode.swift */; };
		B33DC32E20F659E600EE1C6E /* NetworkResult.swift in Sources */ = {isa = PBXBuildFile; fileRef = B33DC32D20F659E600EE1C6E /* NetworkResult.swift */; };
		B33DC33020F661E200EE1C6E /* RequestService.swift in Sources */ = {isa = PBXBuildFile; fileRef = B33DC32F20F661E200EE1C6E /* RequestService.swift */; };
		B33DC33620F6669E00EE1C6E /* AccountService.swift in Sources */ = {isa = PBXBuildFile; fileRef = B33DC33520F6669E00EE1C6E /* AccountService.swift */; };
		B33DC33820F66C0D00EE1C6E /* AccountData.swift in Sources */ = {isa = PBXBuildFile; fileRef = B33DC33720F66C0D00EE1C6E /* AccountData.swift */; };
		B33DC33A20F66F8700EE1C6E /* ProductData.swift in Sources */ = {isa = PBXBuildFile; fileRef = B33DC33920F66F8700EE1C6E /* ProductData.swift */; };
		B33DC34020F6751C00EE1C6E /* ResponseData.swift in Sources */ = {isa = PBXBuildFile; fileRef = B33DC33F20F6751C00EE1C6E /* ResponseData.swift */; };
		B33DC34220F682F500EE1C6E /* FavoriteData.swift in Sources */ = {isa = PBXBuildFile; fileRef = B33DC34120F682F500EE1C6E /* FavoriteData.swift */; };
		B33DC34620F684E400EE1C6E /* BookmarkData.swift in Sources */ = {isa = PBXBuildFile; fileRef = B33DC34520F684E400EE1C6E /* BookmarkData.swift */; };
		B33DC34820F68B1900EE1C6E /* CartData.swift in Sources */ = {isa = PBXBuildFile; fileRef = B33DC34720F68B1900EE1C6E /* CartData.swift */; };
		B33DC34A20F7143700EE1C6E /* LocationService.swift in Sources */ = {isa = PBXBuildFile; fileRef = B33DC34920F7143700EE1C6E /* LocationService.swift */; };
		B33DC34C20F7150600EE1C6E /* LocationData.swift in Sources */ = {isa = PBXBuildFile; fileRef = B33DC34B20F7150600EE1C6E /* LocationData.swift */; };
		B33DC34E20F733FD00EE1C6E /* ProductService.swift in Sources */ = {isa = PBXBuildFile; fileRef = B33DC34D20F733FD00EE1C6E /* ProductService.swift */; };
		B33DC35020F7392600EE1C6E /* CartService.swift in Sources */ = {isa = PBXBuildFile; fileRef = B33DC34F20F7392600EE1C6E /* CartService.swift */; };
		B33DC35920F7697C00EE1C6E /* FavoriteService.swift in Sources */ = {isa = PBXBuildFile; fileRef = B33DC35820F7697C00EE1C6E /* FavoriteService.swift */; };
		B33DC35B20F7722100EE1C6E /* BookmarkService.swift in Sources */ = {isa = PBXBuildFile; fileRef = B33DC35A20F7722100EE1C6E /* BookmarkService.swift */; };
		B350089720E9FC79009E0683 /* BigCategoryCell.swift in Sources */ = {isa = PBXBuildFile; fileRef = B350089620E9FC79009E0683 /* BigCategoryCell.swift */; };
		B350089920EA3913009E0683 /* Home.storyboard in Resources */ = {isa = PBXBuildFile; fileRef = B350089820EA3913009E0683 /* Home.storyboard */; };
		B350089B20EA3C9C009E0683 /* CategoryVC.swift in Sources */ = {isa = PBXBuildFile; fileRef = B350089A20EA3C9C009E0683 /* CategoryVC.swift */; };
		B350A88620F7791D00A6852C /* MarketService.swift in Sources */ = {isa = PBXBuildFile; fileRef = B350A88520F7791D00A6852C /* MarketService.swift */; };
		B350A88820F77A7700A6852C /* NearMarketData.swift in Sources */ = {isa = PBXBuildFile; fileRef = B350A88720F77A7700A6852C /* NearMarketData.swift */; };
		B350A88A20F77E5000A6852C /* MarketIntroData.swift in Sources */ = {isa = PBXBuildFile; fileRef = B350A88920F77E5000A6852C /* MarketIntroData.swift */; };
		B350A88C20F786E600A6852C /* MarketProductData.swift in Sources */ = {isa = PBXBuildFile; fileRef = B350A88B20F786E600A6852C /* MarketProductData.swift */; };
		B350A88E20F7890B00A6852C /* MarketAlbumData.swift in Sources */ = {isa = PBXBuildFile; fileRef = B350A88D20F7890B00A6852C /* MarketAlbumData.swift */; };
		B350A89020F789E800A6852C /* MarketReviewData.swift in Sources */ = {isa = PBXBuildFile; fileRef = B350A88F20F789E800A6852C /* MarketReviewData.swift */; };
		B350A89220F78CBE00A6852C /* SpecificProductData.swift in Sources */ = {isa = PBXBuildFile; fileRef = B350A89120F78CBE00A6852C /* SpecificProductData.swift */; };
		B350A89420F790F500A6852C /* SpecificProductService.swift in Sources */ = {isa = PBXBuildFile; fileRef = B350A89320F790F500A6852C /* SpecificProductService.swift */; };
		B3918F4720EB45B600E05134 /* UIView+applyDesign.swift in Sources */ = {isa = PBXBuildFile; fileRef = B3918F4620EB45B600E05134 /* UIView+applyDesign.swift */; };
		B3918F4920EB483900E05134 /* Market.storyboard in Resources */ = {isa = PBXBuildFile; fileRef = B3918F4820EB483900E05134 /* Market.storyboard */; };
		B3918F4F20EB5E6600E05134 /* SellerMenuCell.swift in Sources */ = {isa = PBXBuildFile; fileRef = B3918F4E20EB5E6600E05134 /* SellerMenuCell.swift */; };
		B3918F5520EB9CDE00E05134 /* SampleVC.swift in Sources */ = {isa = PBXBuildFile; fileRef = B3918F5420EB9CDE00E05134 /* SampleVC.swift */; };
		B3918F5720EBA12900E05134 /* SellerNaviController.swift in Sources */ = {isa = PBXBuildFile; fileRef = B3918F5620EBA12900E05134 /* SellerNaviController.swift */; };
		B39568A120E888E800379A48 /* AppDelegate.swift in Sources */ = {isa = PBXBuildFile; fileRef = B39568A020E888E800379A48 /* AppDelegate.swift */; };
		B39568A620E888E800379A48 /* Main.storyboard in Resources */ = {isa = PBXBuildFile; fileRef = B39568A420E888E800379A48 /* Main.storyboard */; };
		B39568A820E888E900379A48 /* Assets.xcassets in Resources */ = {isa = PBXBuildFile; fileRef = B39568A720E888E900379A48 /* Assets.xcassets */; };
		B39568AB20E888E900379A48 /* LaunchScreen.storyboard in Resources */ = {isa = PBXBuildFile; fileRef = B39568A920E888E900379A48 /* LaunchScreen.storyboard */; };
		B39568BB20E88C8500379A48 /* APIServices.swift in Sources */ = {isa = PBXBuildFile; fileRef = B39568BA20E88C8500379A48 /* APIServices.swift */; };
		B39568BD20E88ECA00379A48 /* Tutorial.storyboard in Resources */ = {isa = PBXBuildFile; fileRef = B39568BC20E88ECA00379A48 /* Tutorial.storyboard */; };
		B39568BF20E88EDC00379A48 /* Splash.storyboard in Resources */ = {isa = PBXBuildFile; fileRef = B39568BE20E88EDC00379A48 /* Splash.storyboard */; };
		B39568C120E8906700379A48 /* Sign.storyboard in Resources */ = {isa = PBXBuildFile; fileRef = B39568C020E8906700379A48 /* Sign.storyboard */; };
		B39568C420E8914900379A48 /* SplashVC.swift in Sources */ = {isa = PBXBuildFile; fileRef = B39568C320E8914900379A48 /* SplashVC.swift */; };
		B39568C820E8A53C00379A48 /* HomeVC.swift in Sources */ = {isa = PBXBuildFile; fileRef = B39568C720E8A53C00379A48 /* HomeVC.swift */; };
		B39568CA20E8A56300379A48 /* MarketVC.swift in Sources */ = {isa = PBXBuildFile; fileRef = B39568C920E8A56300379A48 /* MarketVC.swift */; };
		B39568CC20E8A58F00379A48 /* MyProductVC.swift in Sources */ = {isa = PBXBuildFile; fileRef = B39568CB20E8A58F00379A48 /* MyProductVC.swift */; };
		B39568CE20E8A8DE00379A48 /* NoticeVC.swift in Sources */ = {isa = PBXBuildFile; fileRef = B39568CD20E8A8DE00379A48 /* NoticeVC.swift */; };
		B39568D220E8AEB300379A48 /* HomeCollectionViewCell.swift in Sources */ = {isa = PBXBuildFile; fileRef = B39568D120E8AEB300379A48 /* HomeCollectionViewCell.swift */; };
		B39568DA20E8DE9200379A48 /* UIColor+rgb.swift in Sources */ = {isa = PBXBuildFile; fileRef = B39568D920E8DE9200379A48 /* UIColor+rgb.swift */; };
		B397F36B20F3199B00CF8FA3 /* MainRootTabBarController.swift in Sources */ = {isa = PBXBuildFile; fileRef = B397F36A20F3199B00CF8FA3 /* MainRootTabBarController.swift */; };
		B39D89E920EF48F400FEA426 /* WeekendFarmerVC.swift in Sources */ = {isa = PBXBuildFile; fileRef = B39D89E820EF48F400FEA426 /* WeekendFarmerVC.swift */; };
		B39D89EB20EF5BAD00FEA426 /* ProductVC.swift in Sources */ = {isa = PBXBuildFile; fileRef = B39D89EA20EF5BAD00FEA426 /* ProductVC.swift */; };
		B39D89F920EFADF700FEA426 /* SellerAlbumCell.swift in Sources */ = {isa = PBXBuildFile; fileRef = B39D89F820EFADF700FEA426 /* SellerAlbumCell.swift */; };
		B39D89FB20EFAFB300FEA426 /* SellerIntroCell.swift in Sources */ = {isa = PBXBuildFile; fileRef = B39D89FA20EFAFB300FEA426 /* SellerIntroCell.swift */; };
		B39D89FD20EFB1CE00FEA426 /* SellerProductCell.swift in Sources */ = {isa = PBXBuildFile; fileRef = B39D89FC20EFB1CE00FEA426 /* SellerProductCell.swift */; };
		B3BF3DA820EA4DD80082802D /* SmallCategoryCell.swift in Sources */ = {isa = PBXBuildFile; fileRef = B3BF3DA720EA4DD80082802D /* SmallCategoryCell.swift */; };
		B3C4B61D20ECA872007EE7E2 /* LocationSearchVC.swift in Sources */ = {isa = PBXBuildFile; fileRef = B3C4B61C20ECA872007EE7E2 /* LocationSearchVC.swift */; };
		B3C4B61F20ECAB98007EE7E2 /* LocationSearchCell.swift in Sources */ = {isa = PBXBuildFile; fileRef = B3C4B61E20ECAB98007EE7E2 /* LocationSearchCell.swift */; };
		B3C4B62120ECDBE6007EE7E2 /* UIViewController+extesion.swift in Sources */ = {isa = PBXBuildFile; fileRef = B3C4B62020ECDBE6007EE7E2 /* UIViewController+extesion.swift */; };
		B3D40B1320F38CDB007E73C7 /* SellerVC.swift in Sources */ = {isa = PBXBuildFile; fileRef = B3D40B1220F38CDA007E73C7 /* SellerVC.swift */; };
		CB26753420EF4A6400485979 /* BookMarkCell.swift in Sources */ = {isa = PBXBuildFile; fileRef = CB26753320EF4A6400485979 /* BookMarkCell.swift */; };
		CB6127DC20F4E5D900012764 /* ReadMessageCell.swift in Sources */ = {isa = PBXBuildFile; fileRef = CB6127DB20F4E5D900012764 /* ReadMessageCell.swift */; };
		CB6127E020F4E62600012764 /* UnreadMessageCell.swift in Sources */ = {isa = PBXBuildFile; fileRef = CB6127DF20F4E62600012764 /* UnreadMessageCell.swift */; };
		CB6127E220F52F3E00012764 /* MyPageTableVC.swift in Sources */ = {isa = PBXBuildFile; fileRef = CB6127E120F52F3E00012764 /* MyPageTableVC.swift */; };
		CBF7E21F20E8A8DB00F9145D /* TutorialPageVC.swift in Sources */ = {isa = PBXBuildFile; fileRef = CBF7E21E20E8A8DB00F9145D /* TutorialPageVC.swift */; };
		CBF7E22520E8CC5A00F9145D /* Tutorial1VC.swift in Sources */ = {isa = PBXBuildFile; fileRef = CBF7E22420E8CC5A00F9145D /* Tutorial1VC.swift */; };
		CBF7E22720E8CC6C00F9145D /* Tutorial2VC.swift in Sources */ = {isa = PBXBuildFile; fileRef = CBF7E22620E8CC6C00F9145D /* Tutorial2VC.swift */; };
		CBF7E22920E8CC7500F9145D /* Tutorial3VC.swift in Sources */ = {isa = PBXBuildFile; fileRef = CBF7E22820E8CC7500F9145D /* Tutorial3VC.swift */; };
		CBF7E22B20EA294700F9145D /* Notice.storyboard in Resources */ = {isa = PBXBuildFile; fileRef = CBF7E22A20EA294700F9145D /* Notice.storyboard */; };
		CBF7E22D20EA2D9300F9145D /* MyProduct.storyboard in Resources */ = {isa = PBXBuildFile; fileRef = CBF7E22C20EA2D9300F9145D /* MyProduct.storyboard */; };
		CBF7E22F20EA39C200F9145D /* PaymentVC.swift in Sources */ = {isa = PBXBuildFile; fileRef = CBF7E22E20EA39C200F9145D /* PaymentVC.swift */; };
		CBF7E23120EA724900F9145D /* MyProductCategoryCell.swift in Sources */ = {isa = PBXBuildFile; fileRef = CBF7E23020EA724900F9145D /* MyProductCategoryCell.swift */; };
		CBF7E23320EA727700F9145D /* LikeProductCell.swift in Sources */ = {isa = PBXBuildFile; fileRef = CBF7E23220EA727700F9145D /* LikeProductCell.swift */; };
		CBF7E23520EB57CE00F9145D /* StepperCustomView.swift in Sources */ = {isa = PBXBuildFile; fileRef = CBF7E23420EB57CE00F9145D /* StepperCustomView.swift */; };
		CBF7E23720EB5FB700F9145D /* CartProductCell.swift in Sources */ = {isa = PBXBuildFile; fileRef = CBF7E23620EB5FB700F9145D /* CartProductCell.swift */; };
		CBF7E23920EB600400F9145D /* CartCheckCell.swift in Sources */ = {isa = PBXBuildFile; fileRef = CBF7E23820EB600400F9145D /* CartCheckCell.swift */; };
		CBF7E23B20EBA40D00F9145D /* OrderProductCell.swift in Sources */ = {isa = PBXBuildFile; fileRef = CBF7E23A20EBA40D00F9145D /* OrderProductCell.swift */; };
		CBF7E23D20EC95AF00F9145D /* MessageVC.swift in Sources */ = {isa = PBXBuildFile; fileRef = CBF7E23C20EC95AF00F9145D /* MessageVC.swift */; };
		CBF7E24120EC97F300F9145D /* SendMessageCell.swift in Sources */ = {isa = PBXBuildFile; fileRef = CBF7E24020EC97F300F9145D /* SendMessageCell.swift */; };
		CBF7E24320EC980600F9145D /* RecieveMessageCell.swift in Sources */ = {isa = PBXBuildFile; fileRef = CBF7E24220EC980600F9145D /* RecieveMessageCell.swift */; };
		CBF7E24520ECF90500F9145D /* ReviewRegisterationVC.swift in Sources */ = {isa = PBXBuildFile; fileRef = CBF7E24420ECF90500F9145D /* ReviewRegisterationVC.swift */; };
		CBF7E24720EDF5F800F9145D /* reviewImageCell.swift in Sources */ = {isa = PBXBuildFile; fileRef = CBF7E24620EDF5F800F9145D /* reviewImageCell.swift */; };
		CBF7E24920EE23E100F9145D /* DeliveredCell.swift in Sources */ = {isa = PBXBuildFile; fileRef = CBF7E24820EE23E100F9145D /* DeliveredCell.swift */; };
		CBF7E24B20EE23F300F9145D /* DeliveringCell.swift in Sources */ = {isa = PBXBuildFile; fileRef = CBF7E24A20EE23F300F9145D /* DeliveringCell.swift */; };
		CBF7E24D20EE3AF000F9145D /* UITableView+scrollToLastCell.swift in Sources */ = {isa = PBXBuildFile; fileRef = CBF7E24C20EE3AEF00F9145D /* UITableView+scrollToLastCell.swift */; };
		CBF7E24F20EF3D7300F9145D /* NearMarketCell.swift in Sources */ = {isa = PBXBuildFile; fileRef = CBF7E24E20EF3D7300F9145D /* NearMarketCell.swift */; };
		CBF9264B20F0D59C00975576 /* ChooseLoginVC.swift in Sources */ = {isa = PBXBuildFile; fileRef = CBF9264A20F0D59C00975576 /* ChooseLoginVC.swift */; };
		CBF9265120F0E30400975576 /* SignInVC.swift in Sources */ = {isa = PBXBuildFile; fileRef = CBF9265020F0E30400975576 /* SignInVC.swift */; };
		CBF9265320F0F42000975576 /* SignupAgreeVC.swift in Sources */ = {isa = PBXBuildFile; fileRef = CBF9265220F0F42000975576 /* SignupAgreeVC.swift */; };
		CBF9265520F1201C00975576 /* MarketRegisterationVC.swift in Sources */ = {isa = PBXBuildFile; fileRef = CBF9265420F1201C00975576 /* MarketRegisterationVC.swift */; };
		CBF9265720F1288700975576 /* UIView+fadeIn:fadeOut.swift in Sources */ = {isa = PBXBuildFile; fileRef = CBF9265620F1288700975576 /* UIView+fadeIn:fadeOut.swift */; };
		CBF9265B20F23B0D00975576 /* SignUpAllergicVC.swift in Sources */ = {isa = PBXBuildFile; fileRef = CBF9265A20F23B0D00975576 /* SignUpAllergicVC.swift */; };
		CBF9265F20F23B9400975576 /* SignUpInfo1VC.swift in Sources */ = {isa = PBXBuildFile; fileRef = CBF9265E20F23B9400975576 /* SignUpInfo1VC.swift */; };
		CBF9266120F23BA000975576 /* SignUpInfo2VC.swift in Sources */ = {isa = PBXBuildFile; fileRef = CBF9266020F23BA000975576 /* SignUpInfo2VC.swift */; };
		CBF9266320F23EE100975576 /* FarmLocationVC.swift in Sources */ = {isa = PBXBuildFile; fileRef = CBF9266220F23EE100975576 /* FarmLocationVC.swift */; };
		CBF9266720F37CEB00975576 /* NanumSquareOTFBold.otf in Resources */ = {isa = PBXBuildFile; fileRef = CBF9266520F3793D00975576 /* NanumSquareOTFBold.otf */; };
		CBF9266820F37CED00975576 /* NanumSquareOTFExtraBold.otf in Resources */ = {isa = PBXBuildFile; fileRef = CBF9266420F3793700975576 /* NanumSquareOTFExtraBold.otf */; };
		CBF9266920F37CF000975576 /* NanumSquareOTFRegular.otf in Resources */ = {isa = PBXBuildFile; fileRef = CBF9266620F3793D00975576 /* NanumSquareOTFRegular.otf */; };
/* End PBXBuildFile section */

/* Begin PBXFileReference section */
		4A0B83A3DD108BE33175A7EF /* Pods_Woong_iOS.framework */ = {isa = PBXFileReference; explicitFileType = wrapper.framework; includeInIndex = 0; path = Pods_Woong_iOS.framework; sourceTree = BUILT_PRODUCTS_DIR; };
		4BCF315B6322FB6D66069D2D /* Pods-Woong-iOS.release.xcconfig */ = {isa = PBXFileReference; includeInIndex = 1; lastKnownFileType = text.xcconfig; name = "Pods-Woong-iOS.release.xcconfig"; path = "Pods/Target Support Files/Pods-Woong-iOS/Pods-Woong-iOS.release.xcconfig"; sourceTree = "<group>"; };
		95F6AC05D83CEB04945B1BCC /* Pods-Woong-iOS.debug.xcconfig */ = {isa = PBXFileReference; includeInIndex = 1; lastKnownFileType = text.xcconfig; name = "Pods-Woong-iOS.debug.xcconfig"; path = "Pods/Target Support Files/Pods-Woong-iOS/Pods-Woong-iOS.debug.xcconfig"; sourceTree = "<group>"; };
		B33DC32320F5C28E00EE1C6E /* AllergyButton.swift */ = {isa = PBXFileReference; lastKnownFileType = sourcecode.swift; path = AllergyButton.swift; sourceTree = "<group>"; };
		B33DC32720F6363E00EE1C6E /* HTTPStatusCode.swift */ = {isa = PBXFileReference; lastKnownFileType = sourcecode.swift; path = HTTPStatusCode.swift; sourceTree = "<group>"; };
		B33DC32D20F659E600EE1C6E /* NetworkResult.swift */ = {isa = PBXFileReference; lastKnownFileType = sourcecode.swift; path = NetworkResult.swift; sourceTree = "<group>"; };
		B33DC32F20F661E200EE1C6E /* RequestService.swift */ = {isa = PBXFileReference; lastKnownFileType = sourcecode.swift; path = RequestService.swift; sourceTree = "<group>"; };
		B33DC33520F6669E00EE1C6E /* AccountService.swift */ = {isa = PBXFileReference; lastKnownFileType = sourcecode.swift; path = AccountService.swift; sourceTree = "<group>"; };
		B33DC33720F66C0D00EE1C6E /* AccountData.swift */ = {isa = PBXFileReference; lastKnownFileType = sourcecode.swift; path = AccountData.swift; sourceTree = "<group>"; };
		B33DC33920F66F8700EE1C6E /* ProductData.swift */ = {isa = PBXFileReference; lastKnownFileType = sourcecode.swift; path = ProductData.swift; sourceTree = "<group>"; };
		B33DC33F20F6751C00EE1C6E /* ResponseData.swift */ = {isa = PBXFileReference; lastKnownFileType = sourcecode.swift; path = ResponseData.swift; sourceTree = "<group>"; };
		B33DC34120F682F500EE1C6E /* FavoriteData.swift */ = {isa = PBXFileReference; lastKnownFileType = sourcecode.swift; path = FavoriteData.swift; sourceTree = "<group>"; };
		B33DC34520F684E400EE1C6E /* BookmarkData.swift */ = {isa = PBXFileReference; lastKnownFileType = sourcecode.swift; path = BookmarkData.swift; sourceTree = "<group>"; };
		B33DC34720F68B1900EE1C6E /* CartData.swift */ = {isa = PBXFileReference; lastKnownFileType = sourcecode.swift; path = CartData.swift; sourceTree = "<group>"; };
		B33DC34920F7143700EE1C6E /* LocationService.swift */ = {isa = PBXFileReference; lastKnownFileType = sourcecode.swift; path = LocationService.swift; sourceTree = "<group>"; };
		B33DC34B20F7150600EE1C6E /* LocationData.swift */ = {isa = PBXFileReference; lastKnownFileType = sourcecode.swift; path = LocationData.swift; sourceTree = "<group>"; };
		B33DC34D20F733FD00EE1C6E /* ProductService.swift */ = {isa = PBXFileReference; lastKnownFileType = sourcecode.swift; path = ProductService.swift; sourceTree = "<group>"; };
		B33DC34F20F7392600EE1C6E /* CartService.swift */ = {isa = PBXFileReference; lastKnownFileType = sourcecode.swift; path = CartService.swift; sourceTree = "<group>"; };
		B33DC35820F7697C00EE1C6E /* FavoriteService.swift */ = {isa = PBXFileReference; lastKnownFileType = sourcecode.swift; path = FavoriteService.swift; sourceTree = "<group>"; };
		B33DC35A20F7722100EE1C6E /* BookmarkService.swift */ = {isa = PBXFileReference; lastKnownFileType = sourcecode.swift; path = BookmarkService.swift; sourceTree = "<group>"; };
		B350089620E9FC79009E0683 /* BigCategoryCell.swift */ = {isa = PBXFileReference; lastKnownFileType = sourcecode.swift; path = BigCategoryCell.swift; sourceTree = "<group>"; };
		B350089820EA3913009E0683 /* Home.storyboard */ = {isa = PBXFileReference; lastKnownFileType = file.storyboard; path = Home.storyboard; sourceTree = "<group>"; };
		B350089A20EA3C9C009E0683 /* CategoryVC.swift */ = {isa = PBXFileReference; lastKnownFileType = sourcecode.swift; path = CategoryVC.swift; sourceTree = "<group>"; };
		B350A88520F7791D00A6852C /* MarketService.swift */ = {isa = PBXFileReference; lastKnownFileType = sourcecode.swift; path = MarketService.swift; sourceTree = "<group>"; };
		B350A88720F77A7700A6852C /* NearMarketData.swift */ = {isa = PBXFileReference; lastKnownFileType = sourcecode.swift; path = NearMarketData.swift; sourceTree = "<group>"; };
		B350A88920F77E5000A6852C /* MarketIntroData.swift */ = {isa = PBXFileReference; lastKnownFileType = sourcecode.swift; path = MarketIntroData.swift; sourceTree = "<group>"; };
		B350A88B20F786E600A6852C /* MarketProductData.swift */ = {isa = PBXFileReference; lastKnownFileType = sourcecode.swift; path = MarketProductData.swift; sourceTree = "<group>"; };
		B350A88D20F7890B00A6852C /* MarketAlbumData.swift */ = {isa = PBXFileReference; lastKnownFileType = sourcecode.swift; path = MarketAlbumData.swift; sourceTree = "<group>"; };
		B350A88F20F789E800A6852C /* MarketReviewData.swift */ = {isa = PBXFileReference; lastKnownFileType = sourcecode.swift; path = MarketReviewData.swift; sourceTree = "<group>"; };
		B350A89120F78CBE00A6852C /* SpecificProductData.swift */ = {isa = PBXFileReference; lastKnownFileType = sourcecode.swift; path = SpecificProductData.swift; sourceTree = "<group>"; };
		B350A89320F790F500A6852C /* SpecificProductService.swift */ = {isa = PBXFileReference; lastKnownFileType = sourcecode.swift; path = SpecificProductService.swift; sourceTree = "<group>"; };
		B3918F4620EB45B600E05134 /* UIView+applyDesign.swift */ = {isa = PBXFileReference; lastKnownFileType = sourcecode.swift; path = "UIView+applyDesign.swift"; sourceTree = "<group>"; };
		B3918F4820EB483900E05134 /* Market.storyboard */ = {isa = PBXFileReference; lastKnownFileType = file.storyboard; path = Market.storyboard; sourceTree = "<group>"; };
		B3918F4E20EB5E6600E05134 /* SellerMenuCell.swift */ = {isa = PBXFileReference; lastKnownFileType = sourcecode.swift; path = SellerMenuCell.swift; sourceTree = "<group>"; };
		B3918F5420EB9CDE00E05134 /* SampleVC.swift */ = {isa = PBXFileReference; lastKnownFileType = sourcecode.swift; path = SampleVC.swift; sourceTree = "<group>"; };
		B3918F5620EBA12900E05134 /* SellerNaviController.swift */ = {isa = PBXFileReference; lastKnownFileType = sourcecode.swift; path = SellerNaviController.swift; sourceTree = "<group>"; };
		B395689D20E888E800379A48 /* Woong-iOS.app */ = {isa = PBXFileReference; explicitFileType = wrapper.application; includeInIndex = 0; path = "Woong-iOS.app"; sourceTree = BUILT_PRODUCTS_DIR; };
		B39568A020E888E800379A48 /* AppDelegate.swift */ = {isa = PBXFileReference; lastKnownFileType = sourcecode.swift; path = AppDelegate.swift; sourceTree = "<group>"; };
		B39568A520E888E800379A48 /* Base */ = {isa = PBXFileReference; lastKnownFileType = file.storyboard; name = Base; path = Base.lproj/Main.storyboard; sourceTree = "<group>"; };
		B39568A720E888E900379A48 /* Assets.xcassets */ = {isa = PBXFileReference; lastKnownFileType = folder.assetcatalog; path = Assets.xcassets; sourceTree = "<group>"; };
		B39568AA20E888E900379A48 /* Base */ = {isa = PBXFileReference; lastKnownFileType = file.storyboard; name = Base; path = Base.lproj/LaunchScreen.storyboard; sourceTree = "<group>"; };
		B39568AC20E888E900379A48 /* Info.plist */ = {isa = PBXFileReference; lastKnownFileType = text.plist.xml; path = Info.plist; sourceTree = "<group>"; };
		B39568BA20E88C8500379A48 /* APIServices.swift */ = {isa = PBXFileReference; lastKnownFileType = sourcecode.swift; path = APIServices.swift; sourceTree = "<group>"; };
		B39568BC20E88ECA00379A48 /* Tutorial.storyboard */ = {isa = PBXFileReference; lastKnownFileType = file.storyboard; path = Tutorial.storyboard; sourceTree = "<group>"; };
		B39568BE20E88EDC00379A48 /* Splash.storyboard */ = {isa = PBXFileReference; lastKnownFileType = file.storyboard; path = Splash.storyboard; sourceTree = "<group>"; };
		B39568C020E8906700379A48 /* Sign.storyboard */ = {isa = PBXFileReference; lastKnownFileType = file.storyboard; path = Sign.storyboard; sourceTree = "<group>"; };
		B39568C320E8914900379A48 /* SplashVC.swift */ = {isa = PBXFileReference; lastKnownFileType = sourcecode.swift; path = SplashVC.swift; sourceTree = "<group>"; };
		B39568C720E8A53C00379A48 /* HomeVC.swift */ = {isa = PBXFileReference; lastKnownFileType = sourcecode.swift; path = HomeVC.swift; sourceTree = "<group>"; };
		B39568C920E8A56300379A48 /* MarketVC.swift */ = {isa = PBXFileReference; lastKnownFileType = sourcecode.swift; path = MarketVC.swift; sourceTree = "<group>"; };
		B39568CB20E8A58F00379A48 /* MyProductVC.swift */ = {isa = PBXFileReference; lastKnownFileType = sourcecode.swift; path = MyProductVC.swift; sourceTree = "<group>"; };
		B39568CD20E8A8DE00379A48 /* NoticeVC.swift */ = {isa = PBXFileReference; lastKnownFileType = sourcecode.swift; path = NoticeVC.swift; sourceTree = "<group>"; };
		B39568D120E8AEB300379A48 /* HomeCollectionViewCell.swift */ = {isa = PBXFileReference; lastKnownFileType = sourcecode.swift; path = HomeCollectionViewCell.swift; sourceTree = "<group>"; };
		B39568D920E8DE9200379A48 /* UIColor+rgb.swift */ = {isa = PBXFileReference; lastKnownFileType = sourcecode.swift; path = "UIColor+rgb.swift"; sourceTree = "<group>"; };
		B397F36A20F3199B00CF8FA3 /* MainRootTabBarController.swift */ = {isa = PBXFileReference; lastKnownFileType = sourcecode.swift; path = MainRootTabBarController.swift; sourceTree = "<group>"; };
		B39D89E820EF48F400FEA426 /* WeekendFarmerVC.swift */ = {isa = PBXFileReference; lastKnownFileType = sourcecode.swift; path = WeekendFarmerVC.swift; sourceTree = "<group>"; };
		B39D89EA20EF5BAD00FEA426 /* ProductVC.swift */ = {isa = PBXFileReference; lastKnownFileType = sourcecode.swift; path = ProductVC.swift; sourceTree = "<group>"; };
		B39D89F820EFADF700FEA426 /* SellerAlbumCell.swift */ = {isa = PBXFileReference; lastKnownFileType = sourcecode.swift; path = SellerAlbumCell.swift; sourceTree = "<group>"; };
		B39D89FA20EFAFB300FEA426 /* SellerIntroCell.swift */ = {isa = PBXFileReference; lastKnownFileType = sourcecode.swift; path = SellerIntroCell.swift; sourceTree = "<group>"; };
		B39D89FC20EFB1CE00FEA426 /* SellerProductCell.swift */ = {isa = PBXFileReference; lastKnownFileType = sourcecode.swift; path = SellerProductCell.swift; sourceTree = "<group>"; };
		B3BF3DA720EA4DD80082802D /* SmallCategoryCell.swift */ = {isa = PBXFileReference; lastKnownFileType = sourcecode.swift; path = SmallCategoryCell.swift; sourceTree = "<group>"; };
		B3C4B61C20ECA872007EE7E2 /* LocationSearchVC.swift */ = {isa = PBXFileReference; lastKnownFileType = sourcecode.swift; path = LocationSearchVC.swift; sourceTree = "<group>"; };
		B3C4B61E20ECAB98007EE7E2 /* LocationSearchCell.swift */ = {isa = PBXFileReference; lastKnownFileType = sourcecode.swift; path = LocationSearchCell.swift; sourceTree = "<group>"; };
		B3C4B62020ECDBE6007EE7E2 /* UIViewController+extesion.swift */ = {isa = PBXFileReference; lastKnownFileType = sourcecode.swift; path = "UIViewController+extesion.swift"; sourceTree = "<group>"; };
		B3D40B1220F38CDA007E73C7 /* SellerVC.swift */ = {isa = PBXFileReference; fileEncoding = 4; lastKnownFileType = sourcecode.swift; path = SellerVC.swift; sourceTree = "<group>"; };
		CB26753320EF4A6400485979 /* BookMarkCell.swift */ = {isa = PBXFileReference; lastKnownFileType = sourcecode.swift; path = BookMarkCell.swift; sourceTree = "<group>"; };
		CB6127DB20F4E5D900012764 /* ReadMessageCell.swift */ = {isa = PBXFileReference; lastKnownFileType = sourcecode.swift; path = ReadMessageCell.swift; sourceTree = "<group>"; };
		CB6127DF20F4E62600012764 /* UnreadMessageCell.swift */ = {isa = PBXFileReference; lastKnownFileType = sourcecode.swift; path = UnreadMessageCell.swift; sourceTree = "<group>"; };
		CB6127E120F52F3E00012764 /* MyPageTableVC.swift */ = {isa = PBXFileReference; lastKnownFileType = sourcecode.swift; path = MyPageTableVC.swift; sourceTree = "<group>"; };
		CBF7E21E20E8A8DB00F9145D /* TutorialPageVC.swift */ = {isa = PBXFileReference; lastKnownFileType = sourcecode.swift; path = TutorialPageVC.swift; sourceTree = "<group>"; };
		CBF7E22420E8CC5A00F9145D /* Tutorial1VC.swift */ = {isa = PBXFileReference; lastKnownFileType = sourcecode.swift; path = Tutorial1VC.swift; sourceTree = "<group>"; };
		CBF7E22620E8CC6C00F9145D /* Tutorial2VC.swift */ = {isa = PBXFileReference; lastKnownFileType = sourcecode.swift; path = Tutorial2VC.swift; sourceTree = "<group>"; };
		CBF7E22820E8CC7500F9145D /* Tutorial3VC.swift */ = {isa = PBXFileReference; lastKnownFileType = sourcecode.swift; path = Tutorial3VC.swift; sourceTree = "<group>"; };
		CBF7E22A20EA294700F9145D /* Notice.storyboard */ = {isa = PBXFileReference; lastKnownFileType = file.storyboard; path = Notice.storyboard; sourceTree = "<group>"; };
		CBF7E22C20EA2D9300F9145D /* MyProduct.storyboard */ = {isa = PBXFileReference; lastKnownFileType = file.storyboard; path = MyProduct.storyboard; sourceTree = "<group>"; };
		CBF7E22E20EA39C200F9145D /* PaymentVC.swift */ = {isa = PBXFileReference; lastKnownFileType = sourcecode.swift; path = PaymentVC.swift; sourceTree = "<group>"; };
		CBF7E23020EA724900F9145D /* MyProductCategoryCell.swift */ = {isa = PBXFileReference; lastKnownFileType = sourcecode.swift; path = MyProductCategoryCell.swift; sourceTree = "<group>"; };
		CBF7E23220EA727700F9145D /* LikeProductCell.swift */ = {isa = PBXFileReference; lastKnownFileType = sourcecode.swift; path = LikeProductCell.swift; sourceTree = "<group>"; };
		CBF7E23420EB57CE00F9145D /* StepperCustomView.swift */ = {isa = PBXFileReference; lastKnownFileType = sourcecode.swift; path = StepperCustomView.swift; sourceTree = "<group>"; };
		CBF7E23620EB5FB700F9145D /* CartProductCell.swift */ = {isa = PBXFileReference; lastKnownFileType = sourcecode.swift; path = CartProductCell.swift; sourceTree = "<group>"; };
		CBF7E23820EB600400F9145D /* CartCheckCell.swift */ = {isa = PBXFileReference; lastKnownFileType = sourcecode.swift; path = CartCheckCell.swift; sourceTree = "<group>"; };
		CBF7E23A20EBA40D00F9145D /* OrderProductCell.swift */ = {isa = PBXFileReference; lastKnownFileType = sourcecode.swift; path = OrderProductCell.swift; sourceTree = "<group>"; };
		CBF7E23C20EC95AF00F9145D /* MessageVC.swift */ = {isa = PBXFileReference; indentWidth = 11; lastKnownFileType = sourcecode.swift; path = MessageVC.swift; sourceTree = "<group>"; };
		CBF7E24020EC97F300F9145D /* SendMessageCell.swift */ = {isa = PBXFileReference; lastKnownFileType = sourcecode.swift; path = SendMessageCell.swift; sourceTree = "<group>"; };
		CBF7E24220EC980600F9145D /* RecieveMessageCell.swift */ = {isa = PBXFileReference; lastKnownFileType = sourcecode.swift; path = RecieveMessageCell.swift; sourceTree = "<group>"; };
		CBF7E24420ECF90500F9145D /* ReviewRegisterationVC.swift */ = {isa = PBXFileReference; lastKnownFileType = sourcecode.swift; path = ReviewRegisterationVC.swift; sourceTree = "<group>"; };
		CBF7E24620EDF5F800F9145D /* reviewImageCell.swift */ = {isa = PBXFileReference; lastKnownFileType = sourcecode.swift; path = reviewImageCell.swift; sourceTree = "<group>"; };
		CBF7E24820EE23E100F9145D /* DeliveredCell.swift */ = {isa = PBXFileReference; lastKnownFileType = sourcecode.swift; path = DeliveredCell.swift; sourceTree = "<group>"; };
		CBF7E24A20EE23F300F9145D /* DeliveringCell.swift */ = {isa = PBXFileReference; lastKnownFileType = sourcecode.swift; path = DeliveringCell.swift; sourceTree = "<group>"; };
		CBF7E24C20EE3AEF00F9145D /* UITableView+scrollToLastCell.swift */ = {isa = PBXFileReference; lastKnownFileType = sourcecode.swift; path = "UITableView+scrollToLastCell.swift"; sourceTree = "<group>"; };
		CBF7E24E20EF3D7300F9145D /* NearMarketCell.swift */ = {isa = PBXFileReference; lastKnownFileType = sourcecode.swift; path = NearMarketCell.swift; sourceTree = "<group>"; };
		CBF9264A20F0D59C00975576 /* ChooseLoginVC.swift */ = {isa = PBXFileReference; lastKnownFileType = sourcecode.swift; path = ChooseLoginVC.swift; sourceTree = "<group>"; };
		CBF9265020F0E30400975576 /* SignInVC.swift */ = {isa = PBXFileReference; lastKnownFileType = sourcecode.swift; path = SignInVC.swift; sourceTree = "<group>"; };
		CBF9265220F0F42000975576 /* SignupAgreeVC.swift */ = {isa = PBXFileReference; lastKnownFileType = sourcecode.swift; path = SignupAgreeVC.swift; sourceTree = "<group>"; };
		CBF9265420F1201C00975576 /* MarketRegisterationVC.swift */ = {isa = PBXFileReference; lastKnownFileType = sourcecode.swift; path = MarketRegisterationVC.swift; sourceTree = "<group>"; };
		CBF9265620F1288700975576 /* UIView+fadeIn:fadeOut.swift */ = {isa = PBXFileReference; lastKnownFileType = sourcecode.swift; path = "UIView+fadeIn:fadeOut.swift"; sourceTree = "<group>"; };
		CBF9265A20F23B0D00975576 /* SignUpAllergicVC.swift */ = {isa = PBXFileReference; lastKnownFileType = sourcecode.swift; path = SignUpAllergicVC.swift; sourceTree = "<group>"; };
		CBF9265E20F23B9400975576 /* SignUpInfo1VC.swift */ = {isa = PBXFileReference; lastKnownFileType = sourcecode.swift; path = SignUpInfo1VC.swift; sourceTree = "<group>"; };
		CBF9266020F23BA000975576 /* SignUpInfo2VC.swift */ = {isa = PBXFileReference; lastKnownFileType = sourcecode.swift; path = SignUpInfo2VC.swift; sourceTree = "<group>"; };
		CBF9266220F23EE100975576 /* FarmLocationVC.swift */ = {isa = PBXFileReference; lastKnownFileType = sourcecode.swift; path = FarmLocationVC.swift; sourceTree = "<group>"; };
		CBF9266420F3793700975576 /* NanumSquareOTFExtraBold.otf */ = {isa = PBXFileReference; lastKnownFileType = file; path = NanumSquareOTFExtraBold.otf; sourceTree = "<group>"; };
		CBF9266520F3793D00975576 /* NanumSquareOTFBold.otf */ = {isa = PBXFileReference; lastKnownFileType = file; path = NanumSquareOTFBold.otf; sourceTree = "<group>"; };
		CBF9266620F3793D00975576 /* NanumSquareOTFRegular.otf */ = {isa = PBXFileReference; lastKnownFileType = file; path = NanumSquareOTFRegular.otf; sourceTree = "<group>"; };
/* End PBXFileReference section */

/* Begin PBXFrameworksBuildPhase section */
		B395689A20E888E800379A48 /* Frameworks */ = {
			isa = PBXFrameworksBuildPhase;
			buildActionMask = 2147483647;
			files = (
				ABB72C5B94A6CE0D75B50489 /* Pods_Woong_iOS.framework in Frameworks */,
			);
			runOnlyForDeploymentPostprocessing = 0;
		};
/* End PBXFrameworksBuildPhase section */

/* Begin PBXGroup section */
		B3918F5020EB688B00E05134 /* Protocols */ = {
			isa = PBXGroup;
			children = (
			);
			path = Protocols;
			sourceTree = "<group>";
		};
		B395689420E888E800379A48 = {
			isa = PBXGroup;
			children = (
				B395689F20E888E800379A48 /* Woong-iOS */,
				B395689E20E888E800379A48 /* Products */,
				BF84B5794847C87FFD873368 /* Pods */,
				E709CC0577F0DF129D068346 /* Frameworks */,
			);
			sourceTree = "<group>";
		};
		B395689E20E888E800379A48 /* Products */ = {
			isa = PBXGroup;
			children = (
				B395689D20E888E800379A48 /* Woong-iOS.app */,
			);
			name = Products;
			sourceTree = "<group>";
		};
		B395689F20E888E800379A48 /* Woong-iOS */ = {
			isa = PBXGroup;
			children = (
				B39568A020E888E800379A48 /* AppDelegate.swift */,
				B39568B920E88B8500379A48 /* Services */,
				B3918F5020EB688B00E05134 /* Protocols */,
				B39568B720E88AC600379A48 /* Models */,
				B39568B620E88AC200379A48 /* Views */,
				B39568B520E88AC100379A48 /* ViewControllers */,
				B39568B820E88AC800379A48 /* Utils */,
				B39568B420E88ABD00379A48 /* Storyboards */,
				B39568B320E88ABC00379A48 /* Resources */,
				B39568B220E88AB900379A48 /* Supporting Files */,
			);
			path = "Woong-iOS";
			sourceTree = "<group>";
		};
		B39568B220E88AB900379A48 /* Supporting Files */ = {
			isa = PBXGroup;
			children = (
				B39568AC20E888E900379A48 /* Info.plist */,
			);
			path = "Supporting Files";
			sourceTree = "<group>";
		};
		B39568B320E88ABC00379A48 /* Resources */ = {
			isa = PBXGroup;
			children = (
				B397F36C20F351BA00CF8FA3 /* Fonts */,
				B39568A720E888E900379A48 /* Assets.xcassets */,
			);
			path = Resources;
			sourceTree = "<group>";
		};
		B39568B420E88ABD00379A48 /* Storyboards */ = {
			isa = PBXGroup;
			children = (
				B39568BE20E88EDC00379A48 /* Splash.storyboard */,
				B39568C220E8907500379A48 /* Tutorial&Sign */,
				B39568A420E888E800379A48 /* Main.storyboard */,
				B39568A920E888E900379A48 /* LaunchScreen.storyboard */,
				B350089820EA3913009E0683 /* Home.storyboard */,
				B3918F4820EB483900E05134 /* Market.storyboard */,
				CBF7E22A20EA294700F9145D /* Notice.storyboard */,
				CBF7E22C20EA2D9300F9145D /* MyProduct.storyboard */,
			);
			path = Storyboards;
			sourceTree = "<group>";
		};
		B39568B520E88AC100379A48 /* ViewControllers */ = {
			isa = PBXGroup;
			children = (
				B3D40B1220F38CDA007E73C7 /* SellerVC.swift */,
				B39568C320E8914900379A48 /* SplashVC.swift */,
				CBF7E21E20E8A8DB00F9145D /* TutorialPageVC.swift */,
				CBF7E22420E8CC5A00F9145D /* Tutorial1VC.swift */,
				CBF7E22620E8CC6C00F9145D /* Tutorial2VC.swift */,
				CBF7E22820E8CC7500F9145D /* Tutorial3VC.swift */,
				B39568C720E8A53C00379A48 /* HomeVC.swift */,
				B39568C920E8A56300379A48 /* MarketVC.swift */,
				B39568CB20E8A58F00379A48 /* MyProductVC.swift */,
				B39568CD20E8A8DE00379A48 /* NoticeVC.swift */,
				B350089A20EA3C9C009E0683 /* CategoryVC.swift */,
				CBF7E22E20EA39C200F9145D /* PaymentVC.swift */,
				B3C4B61C20ECA872007EE7E2 /* LocationSearchVC.swift */,
				B39D89E820EF48F400FEA426 /* WeekendFarmerVC.swift */,
				B39D89EA20EF5BAD00FEA426 /* ProductVC.swift */,
				B3918F5420EB9CDE00E05134 /* SampleVC.swift */,
				B3918F5620EBA12900E05134 /* SellerNaviController.swift */,
				CBF7E23C20EC95AF00F9145D /* MessageVC.swift */,
				CBF7E24420ECF90500F9145D /* ReviewRegisterationVC.swift */,
				B397F36A20F3199B00CF8FA3 /* MainRootTabBarController.swift */,
				CBF9264A20F0D59C00975576 /* ChooseLoginVC.swift */,
				CBF9265020F0E30400975576 /* SignInVC.swift */,
				CBF9265220F0F42000975576 /* SignupAgreeVC.swift */,
				CBF9265420F1201C00975576 /* MarketRegisterationVC.swift */,
				CBF9265E20F23B9400975576 /* SignUpInfo1VC.swift */,
				CBF9266020F23BA000975576 /* SignUpInfo2VC.swift */,
				CBF9265A20F23B0D00975576 /* SignUpAllergicVC.swift */,
				CBF9266220F23EE100975576 /* FarmLocationVC.swift */,
			);
			path = ViewControllers;
			sourceTree = "<group>";
		};
		B39568B620E88AC200379A48 /* Views */ = {
			isa = PBXGroup;
			children = (
				B39568D120E8AEB300379A48 /* HomeCollectionViewCell.swift */,
				CBF7E23820EB600400F9145D /* CartCheckCell.swift */,
				B350089620E9FC79009E0683 /* BigCategoryCell.swift */,
				B3BF3DA720EA4DD80082802D /* SmallCategoryCell.swift */,
				B3C4B61E20ECAB98007EE7E2 /* LocationSearchCell.swift */,
				B3918F4E20EB5E6600E05134 /* SellerMenuCell.swift */,
				B39D89FA20EFAFB300FEA426 /* SellerIntroCell.swift */,
				B39D89FC20EFB1CE00FEA426 /* SellerProductCell.swift */,
				B39D89F820EFADF700FEA426 /* SellerAlbumCell.swift */,
				CBF7E23020EA724900F9145D /* MyProductCategoryCell.swift */,
				CBF7E23220EA727700F9145D /* LikeProductCell.swift */,
				CBF7E23420EB57CE00F9145D /* StepperCustomView.swift */,
				CBF7E23620EB5FB700F9145D /* CartProductCell.swift */,
				CBF7E23A20EBA40D00F9145D /* OrderProductCell.swift */,
				CBF7E24020EC97F300F9145D /* SendMessageCell.swift */,
				CBF7E24220EC980600F9145D /* RecieveMessageCell.swift */,
				CBF7E24620EDF5F800F9145D /* reviewImageCell.swift */,
				CBF7E24820EE23E100F9145D /* DeliveredCell.swift */,
				CBF7E24A20EE23F300F9145D /* DeliveringCell.swift */,
				CBF7E24E20EF3D7300F9145D /* NearMarketCell.swift */,
				CB26753320EF4A6400485979 /* BookMarkCell.swift */,
				B33DC32320F5C28E00EE1C6E /* AllergyButton.swift */,
				CB6127E120F52F3E00012764 /* MyPageTableVC.swift */,
				CB6127DB20F4E5D900012764 /* ReadMessageCell.swift */,
				CB6127DF20F4E62600012764 /* UnreadMessageCell.swift */,
			);
			path = Views;
			sourceTree = "<group>";
		};
		B39568B720E88AC600379A48 /* Models */ = {
			isa = PBXGroup;
			children = (
				B33DC33F20F6751C00EE1C6E /* ResponseData.swift */,
				B33DC33720F66C0D00EE1C6E /* AccountData.swift */,
				B33DC34B20F7150600EE1C6E /* LocationData.swift */,
				B33DC33920F66F8700EE1C6E /* ProductData.swift */,
				B350A89120F78CBE00A6852C /* SpecificProductData.swift */,
				B33DC34120F682F500EE1C6E /* FavoriteData.swift */,
				B33DC34520F684E400EE1C6E /* BookmarkData.swift */,
				B33DC34720F68B1900EE1C6E /* CartData.swift */,
				B350A88720F77A7700A6852C /* NearMarketData.swift */,
				B350A88920F77E5000A6852C /* MarketIntroData.swift */,
				B350A88B20F786E600A6852C /* MarketProductData.swift */,
				B350A88D20F7890B00A6852C /* MarketAlbumData.swift */,
				B350A88F20F789E800A6852C /* MarketReviewData.swift */,
			);
			path = Models;
			sourceTree = "<group>";
		};
		B39568B820E88AC800379A48 /* Utils */ = {
			isa = PBXGroup;
			children = (
				B39568D920E8DE9200379A48 /* UIColor+rgb.swift */,
				B3C4B62020ECDBE6007EE7E2 /* UIViewController+extesion.swift */,
				B3918F4620EB45B600E05134 /* UIView+applyDesign.swift */,
				CBF7E24C20EE3AEF00F9145D /* UITableView+scrollToLastCell.swift */,
				CBF9265620F1288700975576 /* UIView+fadeIn:fadeOut.swift */,
			);
			path = Utils;
			sourceTree = "<group>";
		};
		B39568B920E88B8500379A48 /* Services */ = {
			isa = PBXGroup;
			children = (
				B33DC32720F6363E00EE1C6E /* HTTPStatusCode.swift */,
				B33DC32D20F659E600EE1C6E /* NetworkResult.swift */,
				B39568BA20E88C8500379A48 /* APIServices.swift */,
				B33DC32F20F661E200EE1C6E /* RequestService.swift */,
				B33DC33520F6669E00EE1C6E /* AccountService.swift */,
				B33DC34920F7143700EE1C6E /* LocationService.swift */,
				B33DC34D20F733FD00EE1C6E /* ProductService.swift */,
				B33DC34F20F7392600EE1C6E /* CartService.swift */,
				B33DC35820F7697C00EE1C6E /* FavoriteService.swift */,
				B33DC35A20F7722100EE1C6E /* BookmarkService.swift */,
				B350A88520F7791D00A6852C /* MarketService.swift */,
				B350A89320F790F500A6852C /* SpecificProductService.swift */,
			);
			path = Services;
			sourceTree = "<group>";
		};
		B39568C220E8907500379A48 /* Tutorial&Sign */ = {
			isa = PBXGroup;
			children = (
				B39568BC20E88ECA00379A48 /* Tutorial.storyboard */,
				B39568C020E8906700379A48 /* Sign.storyboard */,
			);
			path = "Tutorial&Sign";
			sourceTree = "<group>";
		};
		B397F36C20F351BA00CF8FA3 /* Fonts */ = {
			isa = PBXGroup;
			children = (
				CBF9266520F3793D00975576 /* NanumSquareOTFBold.otf */,
				CBF9266420F3793700975576 /* NanumSquareOTFExtraBold.otf */,
				CBF9266620F3793D00975576 /* NanumSquareOTFRegular.otf */,
			);
			path = Fonts;
			sourceTree = "<group>";
		};
		BF84B5794847C87FFD873368 /* Pods */ = {
			isa = PBXGroup;
			children = (
				95F6AC05D83CEB04945B1BCC /* Pods-Woong-iOS.debug.xcconfig */,
				4BCF315B6322FB6D66069D2D /* Pods-Woong-iOS.release.xcconfig */,
			);
			name = Pods;
			sourceTree = "<group>";
		};
		E709CC0577F0DF129D068346 /* Frameworks */ = {
			isa = PBXGroup;
			children = (
				4A0B83A3DD108BE33175A7EF /* Pods_Woong_iOS.framework */,
			);
			name = Frameworks;
			sourceTree = "<group>";
		};
/* End PBXGroup section */

/* Begin PBXNativeTarget section */
		B395689C20E888E800379A48 /* Woong-iOS */ = {
			isa = PBXNativeTarget;
			buildConfigurationList = B39568AF20E888E900379A48 /* Build configuration list for PBXNativeTarget "Woong-iOS" */;
			buildPhases = (
				86D2C7E243BFD50434AD1EF4 /* [CP] Check Pods Manifest.lock */,
				B395689920E888E800379A48 /* Sources */,
				B395689A20E888E800379A48 /* Frameworks */,
				B395689B20E888E800379A48 /* Resources */,
				399777EB36F667AED89E0677 /* [CP] Embed Pods Frameworks */,
			);
			buildRules = (
			);
			dependencies = (
			);
			name = "Woong-iOS";
			productName = "Woong-iOS";
			productReference = B395689D20E888E800379A48 /* Woong-iOS.app */;
			productType = "com.apple.product-type.application";
		};
/* End PBXNativeTarget section */

/* Begin PBXProject section */
		B395689520E888E800379A48 /* Project object */ = {
			isa = PBXProject;
			attributes = {
				LastSwiftUpdateCheck = 0940;
				LastUpgradeCheck = 0940;
				ORGANIZATIONNAME = Leess;
				TargetAttributes = {
					B395689C20E888E800379A48 = {
						CreatedOnToolsVersion = 9.4;
						ProvisioningStyle = Automatic;
					};
				};
			};
			buildConfigurationList = B395689820E888E800379A48 /* Build configuration list for PBXProject "Woong-iOS" */;
			compatibilityVersion = "Xcode 8.0";
			developmentRegion = en;
			hasScannedForEncodings = 0;
			knownRegions = (
				en,
				Base,
			);
			mainGroup = B395689420E888E800379A48;
			productRefGroup = B395689E20E888E800379A48 /* Products */;
			projectDirPath = "";
			projectRoot = "";
			targets = (
				B395689C20E888E800379A48 /* Woong-iOS */,
			);
		};
/* End PBXProject section */

/* Begin PBXResourcesBuildPhase section */
		B395689B20E888E800379A48 /* Resources */ = {
			isa = PBXResourcesBuildPhase;
			buildActionMask = 2147483647;
			files = (
				B350089920EA3913009E0683 /* Home.storyboard in Resources */,
				B39568AB20E888E900379A48 /* LaunchScreen.storyboard in Resources */,
				B3918F4920EB483900E05134 /* Market.storyboard in Resources */,
				B39568C120E8906700379A48 /* Sign.storyboard in Resources */,
				CBF9266720F37CEB00975576 /* NanumSquareOTFBold.otf in Resources */,
				CBF7E22D20EA2D9300F9145D /* MyProduct.storyboard in Resources */,
				CBF7E22B20EA294700F9145D /* Notice.storyboard in Resources */,
				B39568A820E888E900379A48 /* Assets.xcassets in Resources */,
				CBF9266820F37CED00975576 /* NanumSquareOTFExtraBold.otf in Resources */,
				CBF9266920F37CF000975576 /* NanumSquareOTFRegular.otf in Resources */,
				B39568BD20E88ECA00379A48 /* Tutorial.storyboard in Resources */,
				B39568BF20E88EDC00379A48 /* Splash.storyboard in Resources */,
				B39568A620E888E800379A48 /* Main.storyboard in Resources */,
			);
			runOnlyForDeploymentPostprocessing = 0;
		};
/* End PBXResourcesBuildPhase section */

/* Begin PBXShellScriptBuildPhase section */
		399777EB36F667AED89E0677 /* [CP] Embed Pods Frameworks */ = {
			isa = PBXShellScriptBuildPhase;
			buildActionMask = 2147483647;
			files = (
			);
			inputPaths = (
				"${SRCROOT}/Pods/Target Support Files/Pods-Woong-iOS/Pods-Woong-iOS-frameworks.sh",
				"${BUILT_PRODUCTS_DIR}/Alamofire/Alamofire.framework",
				"${BUILT_PRODUCTS_DIR}/Hero/Hero.framework",
				"${BUILT_PRODUCTS_DIR}/Kingfisher/Kingfisher.framework",
				"${BUILT_PRODUCTS_DIR}/SwiftyJSON/SwiftyJSON.framework",
			);
			name = "[CP] Embed Pods Frameworks";
			outputPaths = (
				"${TARGET_BUILD_DIR}/${FRAMEWORKS_FOLDER_PATH}/Alamofire.framework",
				"${TARGET_BUILD_DIR}/${FRAMEWORKS_FOLDER_PATH}/Hero.framework",
				"${TARGET_BUILD_DIR}/${FRAMEWORKS_FOLDER_PATH}/Kingfisher.framework",
				"${TARGET_BUILD_DIR}/${FRAMEWORKS_FOLDER_PATH}/SwiftyJSON.framework",
			);
			runOnlyForDeploymentPostprocessing = 0;
			shellPath = /bin/sh;
			shellScript = "\"${SRCROOT}/Pods/Target Support Files/Pods-Woong-iOS/Pods-Woong-iOS-frameworks.sh\"\n";
			showEnvVarsInLog = 0;
		};
		86D2C7E243BFD50434AD1EF4 /* [CP] Check Pods Manifest.lock */ = {
			isa = PBXShellScriptBuildPhase;
			buildActionMask = 2147483647;
			files = (
			);
			inputPaths = (
				"${PODS_PODFILE_DIR_PATH}/Podfile.lock",
				"${PODS_ROOT}/Manifest.lock",
			);
			name = "[CP] Check Pods Manifest.lock";
			outputPaths = (
				"$(DERIVED_FILE_DIR)/Pods-Woong-iOS-checkManifestLockResult.txt",
			);
			runOnlyForDeploymentPostprocessing = 0;
			shellPath = /bin/sh;
			shellScript = "diff \"${PODS_PODFILE_DIR_PATH}/Podfile.lock\" \"${PODS_ROOT}/Manifest.lock\" > /dev/null\nif [ $? != 0 ] ; then\n    # print error to STDERR\n    echo \"error: The sandbox is not in sync with the Podfile.lock. Run 'pod install' or update your CocoaPods installation.\" >&2\n    exit 1\nfi\n# This output is used by Xcode 'outputs' to avoid re-running this script phase.\necho \"SUCCESS\" > \"${SCRIPT_OUTPUT_FILE_0}\"\n";
			showEnvVarsInLog = 0;
		};
/* End PBXShellScriptBuildPhase section */

/* Begin PBXSourcesBuildPhase section */
		B395689920E888E800379A48 /* Sources */ = {
			isa = PBXSourcesBuildPhase;
			buildActionMask = 2147483647;
			files = (
				B33DC34C20F7150600EE1C6E /* LocationData.swift in Sources */,
				B39568A120E888E800379A48 /* AppDelegate.swift in Sources */,
				B3C4B61D20ECA872007EE7E2 /* LocationSearchVC.swift in Sources */,
				B33DC34620F684E400EE1C6E /* BookmarkData.swift in Sources */,
				CBF7E22F20EA39C200F9145D /* PaymentVC.swift in Sources */,
				B33DC33620F6669E00EE1C6E /* AccountService.swift in Sources */,
				B350A88E20F7890B00A6852C /* MarketAlbumData.swift in Sources */,
				B33DC34A20F7143700EE1C6E /* LocationService.swift in Sources */,
				B39D89FB20EFAFB300FEA426 /* SellerIntroCell.swift in Sources */,
				B39D89FD20EFB1CE00FEA426 /* SellerProductCell.swift in Sources */,
				CB6127E020F4E62600012764 /* UnreadMessageCell.swift in Sources */,
				CBF7E21F20E8A8DB00F9145D /* TutorialPageVC.swift in Sources */,
				CB6127E220F52F3E00012764 /* MyPageTableVC.swift in Sources */,
				B3918F4720EB45B600E05134 /* UIView+applyDesign.swift in Sources */,
				B33DC34820F68B1900EE1C6E /* CartData.swift in Sources */,
				CBF7E23520EB57CE00F9145D /* StepperCustomView.swift in Sources */,
				CBF9265F20F23B9400975576 /* SignUpInfo1VC.swift in Sources */,
				CBF7E24320EC980600F9145D /* RecieveMessageCell.swift in Sources */,
				B350A88C20F786E600A6852C /* MarketProductData.swift in Sources */,
				CBF9266120F23BA000975576 /* SignUpInfo2VC.swift in Sources */,
				B33DC34020F6751C00EE1C6E /* ResponseData.swift in Sources */,
				B33DC35920F7697C00EE1C6E /* FavoriteService.swift in Sources */,
				CBF9265B20F23B0D00975576 /* SignUpAllergicVC.swift in Sources */,
				B33DC34E20F733FD00EE1C6E /* ProductService.swift in Sources */,
				CBF7E23D20EC95AF00F9145D /* MessageVC.swift in Sources */,
				CBF7E24920EE23E100F9145D /* DeliveredCell.swift in Sources */,
				CBF7E23120EA724900F9145D /* MyProductCategoryCell.swift in Sources */,
				CBF7E23720EB5FB700F9145D /* CartProductCell.swift in Sources */,
				CBF7E22920E8CC7500F9145D /* Tutorial3VC.swift in Sources */,
				B39D89E920EF48F400FEA426 /* WeekendFarmerVC.swift in Sources */,
				CBF7E22520E8CC5A00F9145D /* Tutorial1VC.swift in Sources */,
				B33DC32E20F659E600EE1C6E /* NetworkResult.swift in Sources */,
				B33DC32820F6363E00EE1C6E /* HTTPStatusCode.swift in Sources */,
				B3C4B61F20ECAB98007EE7E2 /* LocationSearchCell.swift in Sources */,
				B3C4B62120ECDBE6007EE7E2 /* UIViewController+extesion.swift in Sources */,
				B397F36B20F3199B00CF8FA3 /* MainRootTabBarController.swift in Sources */,
				CBF7E22720E8CC6C00F9145D /* Tutorial2VC.swift in Sources */,
				B350089720E9FC79009E0683 /* BigCategoryCell.swift in Sources */,
				B33DC35020F7392600EE1C6E /* CartService.swift in Sources */,
				B33DC33020F661E200EE1C6E /* RequestService.swift in Sources */,
				CBF9266320F23EE100975576 /* FarmLocationVC.swift in Sources */,
				B33DC33820F66C0D00EE1C6E /* AccountData.swift in Sources */,
				B39568C820E8A53C00379A48 /* HomeVC.swift in Sources */,
				B39D89EB20EF5BAD00FEA426 /* ProductVC.swift in Sources */,
				B39568CC20E8A58F00379A48 /* MyProductVC.swift in Sources */,
				CBF7E24F20EF3D7300F9145D /* NearMarketCell.swift in Sources */,
				CBF7E24120EC97F300F9145D /* SendMessageCell.swift in Sources */,
				B39568DA20E8DE9200379A48 /* UIColor+rgb.swift in Sources */,
				B39568BB20E88C8500379A48 /* APIServices.swift in Sources */,
				CBF9265720F1288700975576 /* UIView+fadeIn:fadeOut.swift in Sources */,
				B350A88A20F77E5000A6852C /* MarketIntroData.swift in Sources */,
				CBF9265520F1201C00975576 /* MarketRegisterationVC.swift in Sources */,
				CBF7E24720EDF5F800F9145D /* reviewImageCell.swift in Sources */,
				B39568C420E8914900379A48 /* SplashVC.swift in Sources */,
				CBF7E24520ECF90500F9145D /* ReviewRegisterationVC.swift in Sources */,
				CB26753420EF4A6400485979 /* BookMarkCell.swift in Sources */,
				B3BF3DA820EA4DD80082802D /* SmallCategoryCell.swift in Sources */,
				CBF9264B20F0D59C00975576 /* ChooseLoginVC.swift in Sources */,
				B350A88620F7791D00A6852C /* MarketService.swift in Sources */,
				CBF7E23B20EBA40D00F9145D /* OrderProductCell.swift in Sources */,
				B350A89220F78CBE00A6852C /* SpecificProductData.swift in Sources */,
				B33DC33A20F66F8700EE1C6E /* ProductData.swift in Sources */,
				B350089B20EA3C9C009E0683 /* CategoryVC.swift in Sources */,
				CBF7E24B20EE23F300F9145D /* DeliveringCell.swift in Sources */,
				CBF9265320F0F42000975576 /* SignupAgreeVC.swift in Sources */,
				B33DC32420F5C28E00EE1C6E /* AllergyButton.swift in Sources */,
				B39568D220E8AEB300379A48 /* HomeCollectionViewCell.swift in Sources */,
				B33DC34220F682F500EE1C6E /* FavoriteData.swift in Sources */,
				B33DC35B20F7722100EE1C6E /* BookmarkService.swift in Sources */,
				B350A88820F77A7700A6852C /* NearMarketData.swift in Sources */,
				B350A89020F789E800A6852C /* MarketReviewData.swift in Sources */,
				B3918F5720EBA12900E05134 /* SellerNaviController.swift in Sources */,
				B3918F4F20EB5E6600E05134 /* SellerMenuCell.swift in Sources */,
				CBF7E24D20EE3AF000F9145D /* UITableView+scrollToLastCell.swift in Sources */,
				CBF7E23320EA727700F9145D /* LikeProductCell.swift in Sources */,
				B3918F5520EB9CDE00E05134 /* SampleVC.swift in Sources */,
				B3D40B1320F38CDB007E73C7 /* SellerVC.swift in Sources */,
				B39568CA20E8A56300379A48 /* MarketVC.swift in Sources */,
				B39D89F920EFADF700FEA426 /* SellerAlbumCell.swift in Sources */,
				CBF9265120F0E30400975576 /* SignInVC.swift in Sources */,
				CBF7E23920EB600400F9145D /* CartCheckCell.swift in Sources */,
				B39568CE20E8A8DE00379A48 /* NoticeVC.swift in Sources */,
				CB6127DC20F4E5D900012764 /* ReadMessageCell.swift in Sources */,
				B350A89420F790F500A6852C /* SpecificProductService.swift in Sources */,
			);
			runOnlyForDeploymentPostprocessing = 0;
		};
/* End PBXSourcesBuildPhase section */

/* Begin PBXVariantGroup section */
		B39568A420E888E800379A48 /* Main.storyboard */ = {
			isa = PBXVariantGroup;
			children = (
				B39568A520E888E800379A48 /* Base */,
			);
			name = Main.storyboard;
			sourceTree = "<group>";
		};
		B39568A920E888E900379A48 /* LaunchScreen.storyboard */ = {
			isa = PBXVariantGroup;
			children = (
				B39568AA20E888E900379A48 /* Base */,
			);
			name = LaunchScreen.storyboard;
			sourceTree = "<group>";
		};
/* End PBXVariantGroup section */

/* Begin XCBuildConfiguration section */
		B39568AD20E888E900379A48 /* Debug */ = {
			isa = XCBuildConfiguration;
			buildSettings = {
				ALWAYS_SEARCH_USER_PATHS = NO;
				CLANG_ANALYZER_NONNULL = YES;
				CLANG_ANALYZER_NUMBER_OBJECT_CONVERSION = YES_AGGRESSIVE;
				CLANG_CXX_LANGUAGE_STANDARD = "gnu++14";
				CLANG_CXX_LIBRARY = "libc++";
				CLANG_ENABLE_MODULES = YES;
				CLANG_ENABLE_OBJC_ARC = YES;
				CLANG_ENABLE_OBJC_WEAK = YES;
				CLANG_WARN_BLOCK_CAPTURE_AUTORELEASING = YES;
				CLANG_WARN_BOOL_CONVERSION = YES;
				CLANG_WARN_COMMA = YES;
				CLANG_WARN_CONSTANT_CONVERSION = YES;
				CLANG_WARN_DEPRECATED_OBJC_IMPLEMENTATIONS = YES;
				CLANG_WARN_DIRECT_OBJC_ISA_USAGE = YES_ERROR;
				CLANG_WARN_DOCUMENTATION_COMMENTS = YES;
				CLANG_WARN_EMPTY_BODY = YES;
				CLANG_WARN_ENUM_CONVERSION = YES;
				CLANG_WARN_INFINITE_RECURSION = YES;
				CLANG_WARN_INT_CONVERSION = YES;
				CLANG_WARN_NON_LITERAL_NULL_CONVERSION = YES;
				CLANG_WARN_OBJC_IMPLICIT_RETAIN_SELF = YES;
				CLANG_WARN_OBJC_LITERAL_CONVERSION = YES;
				CLANG_WARN_OBJC_ROOT_CLASS = YES_ERROR;
				CLANG_WARN_RANGE_LOOP_ANALYSIS = YES;
				CLANG_WARN_STRICT_PROTOTYPES = YES;
				CLANG_WARN_SUSPICIOUS_MOVE = YES;
				CLANG_WARN_UNGUARDED_AVAILABILITY = YES_AGGRESSIVE;
				CLANG_WARN_UNREACHABLE_CODE = YES;
				CLANG_WARN__DUPLICATE_METHOD_MATCH = YES;
				CODE_SIGN_IDENTITY = "iPhone Developer";
				COPY_PHASE_STRIP = NO;
				DEBUG_INFORMATION_FORMAT = dwarf;
				ENABLE_STRICT_OBJC_MSGSEND = YES;
				ENABLE_TESTABILITY = YES;
				GCC_C_LANGUAGE_STANDARD = gnu11;
				GCC_DYNAMIC_NO_PIC = NO;
				GCC_NO_COMMON_BLOCKS = YES;
				GCC_OPTIMIZATION_LEVEL = 0;
				GCC_PREPROCESSOR_DEFINITIONS = (
					"DEBUG=1",
					"$(inherited)",
				);
				GCC_WARN_64_TO_32_BIT_CONVERSION = YES;
				GCC_WARN_ABOUT_RETURN_TYPE = YES_ERROR;
				GCC_WARN_UNDECLARED_SELECTOR = YES;
				GCC_WARN_UNINITIALIZED_AUTOS = YES_AGGRESSIVE;
				GCC_WARN_UNUSED_FUNCTION = YES;
				GCC_WARN_UNUSED_VARIABLE = YES;
				IPHONEOS_DEPLOYMENT_TARGET = 11.4;
				MTL_ENABLE_DEBUG_INFO = YES;
				ONLY_ACTIVE_ARCH = YES;
				SDKROOT = iphoneos;
				SWIFT_ACTIVE_COMPILATION_CONDITIONS = DEBUG;
				SWIFT_OPTIMIZATION_LEVEL = "-Onone";
			};
			name = Debug;
		};
		B39568AE20E888E900379A48 /* Release */ = {
			isa = XCBuildConfiguration;
			buildSettings = {
				ALWAYS_SEARCH_USER_PATHS = NO;
				CLANG_ANALYZER_NONNULL = YES;
				CLANG_ANALYZER_NUMBER_OBJECT_CONVERSION = YES_AGGRESSIVE;
				CLANG_CXX_LANGUAGE_STANDARD = "gnu++14";
				CLANG_CXX_LIBRARY = "libc++";
				CLANG_ENABLE_MODULES = YES;
				CLANG_ENABLE_OBJC_ARC = YES;
				CLANG_ENABLE_OBJC_WEAK = YES;
				CLANG_WARN_BLOCK_CAPTURE_AUTORELEASING = YES;
				CLANG_WARN_BOOL_CONVERSION = YES;
				CLANG_WARN_COMMA = YES;
				CLANG_WARN_CONSTANT_CONVERSION = YES;
				CLANG_WARN_DEPRECATED_OBJC_IMPLEMENTATIONS = YES;
				CLANG_WARN_DIRECT_OBJC_ISA_USAGE = YES_ERROR;
				CLANG_WARN_DOCUMENTATION_COMMENTS = YES;
				CLANG_WARN_EMPTY_BODY = YES;
				CLANG_WARN_ENUM_CONVERSION = YES;
				CLANG_WARN_INFINITE_RECURSION = YES;
				CLANG_WARN_INT_CONVERSION = YES;
				CLANG_WARN_NON_LITERAL_NULL_CONVERSION = YES;
				CLANG_WARN_OBJC_IMPLICIT_RETAIN_SELF = YES;
				CLANG_WARN_OBJC_LITERAL_CONVERSION = YES;
				CLANG_WARN_OBJC_ROOT_CLASS = YES_ERROR;
				CLANG_WARN_RANGE_LOOP_ANALYSIS = YES;
				CLANG_WARN_STRICT_PROTOTYPES = YES;
				CLANG_WARN_SUSPICIOUS_MOVE = YES;
				CLANG_WARN_UNGUARDED_AVAILABILITY = YES_AGGRESSIVE;
				CLANG_WARN_UNREACHABLE_CODE = YES;
				CLANG_WARN__DUPLICATE_METHOD_MATCH = YES;
				CODE_SIGN_IDENTITY = "iPhone Developer";
				COPY_PHASE_STRIP = NO;
				DEBUG_INFORMATION_FORMAT = "dwarf-with-dsym";
				ENABLE_NS_ASSERTIONS = NO;
				ENABLE_STRICT_OBJC_MSGSEND = YES;
				GCC_C_LANGUAGE_STANDARD = gnu11;
				GCC_NO_COMMON_BLOCKS = YES;
				GCC_WARN_64_TO_32_BIT_CONVERSION = YES;
				GCC_WARN_ABOUT_RETURN_TYPE = YES_ERROR;
				GCC_WARN_UNDECLARED_SELECTOR = YES;
				GCC_WARN_UNINITIALIZED_AUTOS = YES_AGGRESSIVE;
				GCC_WARN_UNUSED_FUNCTION = YES;
				GCC_WARN_UNUSED_VARIABLE = YES;
				IPHONEOS_DEPLOYMENT_TARGET = 11.4;
				MTL_ENABLE_DEBUG_INFO = NO;
				SDKROOT = iphoneos;
				SWIFT_OPTIMIZATION_LEVEL = "-Owholemodule";
				VALIDATE_PRODUCT = YES;
			};
			name = Release;
		};
		B39568B020E888E900379A48 /* Debug */ = {
			isa = XCBuildConfiguration;
			baseConfigurationReference = 95F6AC05D83CEB04945B1BCC /* Pods-Woong-iOS.debug.xcconfig */;
			buildSettings = {
				ARCHS = "$(ARCHS_STANDARD)";
				ASSETCATALOG_COMPILER_APPICON_NAME = AppIcon;
				CODE_SIGN_STYLE = Automatic;
				DEVELOPMENT_TEAM = 86L538G5GY;
				INFOPLIST_FILE = "$(SRCROOT)/Woong-iOS/Supporting Files/Info.plist";
				IPHONEOS_DEPLOYMENT_TARGET = 11.4;
				LD_RUNPATH_SEARCH_PATHS = "$(inherited) @executable_path/Frameworks";
				ONLY_ACTIVE_ARCH = YES;
				PRODUCT_BUNDLE_IDENTIFIER = ejiormcnr.wuro;
				PRODUCT_NAME = "$(TARGET_NAME)";
				SWIFT_VERSION = 4.0;
				TARGETED_DEVICE_FAMILY = "1,2";
			};
			name = Debug;
		};
		B39568B120E888E900379A48 /* Release */ = {
			isa = XCBuildConfiguration;
			baseConfigurationReference = 4BCF315B6322FB6D66069D2D /* Pods-Woong-iOS.release.xcconfig */;
			buildSettings = {
				ARCHS = "$(ARCHS_STANDARD)";
				ASSETCATALOG_COMPILER_APPICON_NAME = AppIcon;
				CODE_SIGN_STYLE = Automatic;
				DEVELOPMENT_TEAM = 86L538G5GY;
				INFOPLIST_FILE = "$(SRCROOT)/Woong-iOS/Supporting Files/Info.plist";
				IPHONEOS_DEPLOYMENT_TARGET = 11.4;
				LD_RUNPATH_SEARCH_PATHS = "$(inherited) @executable_path/Frameworks";
				ONLY_ACTIVE_ARCH = NO;
				PRODUCT_BUNDLE_IDENTIFIER = ejiormcnr.wuro;
				PRODUCT_NAME = "$(TARGET_NAME)";
				SWIFT_VERSION = 4.0;
				TARGETED_DEVICE_FAMILY = "1,2";
			};
			name = Release;
		};
/* End XCBuildConfiguration section */

/* Begin XCConfigurationList section */
		B395689820E888E800379A48 /* Build configuration list for PBXProject "Woong-iOS" */ = {
			isa = XCConfigurationList;
			buildConfigurations = (
				B39568AD20E888E900379A48 /* Debug */,
				B39568AE20E888E900379A48 /* Release */,
			);
			defaultConfigurationIsVisible = 0;
			defaultConfigurationName = Release;
		};
		B39568AF20E888E900379A48 /* Build configuration list for PBXNativeTarget "Woong-iOS" */ = {
			isa = XCConfigurationList;
			buildConfigurations = (
				B39568B020E888E900379A48 /* Debug */,
				B39568B120E888E900379A48 /* Release */,
			);
			defaultConfigurationIsVisible = 0;
			defaultConfigurationName = Release;
		};
/* End XCConfigurationList section */
	};
	rootObject = B395689520E888E800379A48 /* Project object */;
}
